# This file is automatically @generated by Cargo.
# It is not intended for manual editing.
version = 3

[[package]]
name = "cod"
version = "6.0.2"
source = "registry+https://github.com/rust-lang/crates.io-index"
checksum = "39940f76c7ab8926ae97067dabae98156d7ef32dfbe467c5c5679b9aefa19424"

[[package]]
name = "tui-game"
version = "0.1.0"
dependencies = [
 "cod",
]
